
Microsoft Visual Studio Solution File, Format Version 12.00
# Visual Studio 15
VisualStudioVersion = 15.0.28307.852
MinimumVisualStudioVersion = 10.0.40219.1
Project("{FAE04EC0-301F-11D3-BF4B-00C04F79EFBC}") = "TesteEnvioErroApiSeparada", "TesteEnvioErroApiSeparada\TesteEnvioErroApiSeparada.csproj", "{6269D57D-9CF3-44C3-8E7A-675CC1088E2B}"
EndProject
Global
	GlobalSection(SolutionConfigurationPlatforms) = preSolution
		Debug|Any CPU = Debug|Any CPU
		Release|Any CPU = Release|Any CPU
	EndGlobalSection
	GlobalSection(ProjectConfigurationPlatforms) = postSolution
		{6269D57D-9CF3-44C3-8E7A-675CC1088E2B}.Debug|Any CPU.ActiveCfg = Debug|Any CPU
		{6269D57D-9CF3-44C3-8E7A-675CC1088E2B}.Debug|Any CPU.Build.0 = Debug|Any CPU
		{6269D57D-9CF3-44C3-8E7A-675CC1088E2B}.Release|Any CPU.ActiveCfg = Release|Any CPU
		{6269D57D-9CF3-44C3-8E7A-675CC1088E2B}.Release|Any CPU.Build.0 = Release|Any CPU
	EndGlobalSection
	GlobalSection(SolutionProperties) = preSolution
		HideSolutionNode = FALSE
	EndGlobalSection
	GlobalSection(ExtensibilityGlobals) = postSolution
		SolutionGuid = {D0CB0B5C-C888-4CE3-9233-F557F52DF37E}
	EndGlobalSection
EndGlobal
